
Microsoft Visual Studio Solution File, Format Version 12.00
# Visual Studio Version 17
VisualStudioVersion = 17.0.31903.59
MinimumVisualStudioVersion = 10.0.40219.1
Project("{2150E333-8FDC-42A3-9474-1A3956D46DE8}") = "src", "src", "{22DB84AB-B996-4E25-B50B-CFF772C1AE2E}"
EndProject
Project("{FAE04EC0-301F-11D3-BF4B-00C04F79EFBC}") = "NewProject", "src\NewProject\NewProject.csproj", "{6E460872-DB70-4DFB-B7D8-234ED240F30A}"
EndProject
Project("{2150E333-8FDC-42A3-9474-1A3956D46DE8}") = "test", "test", "{06ED2252-19AF-4962-8825-541B4C874B7A}"
EndProject
Project("{FAE04EC0-301F-11D3-BF4B-00C04F79EFBC}") = "NewProject.tests", "test\NewProject.tests\NewProject.tests.csproj", "{C55B150D-1AE0-4CEE-89A6-8CF36E7CD2E7}"
EndProject
Global
	GlobalSection(SolutionConfigurationPlatforms) = preSolution
		Debug|Any CPU = Debug|Any CPU
		Release|Any CPU = Release|Any CPU
	EndGlobalSection
	GlobalSection(SolutionProperties) = preSolution
		HideSolutionNode = FALSE
	EndGlobalSection
	GlobalSection(ProjectConfigurationPlatforms) = postSolution
		{6E460872-DB70-4DFB-B7D8-234ED240F30A}.Debug|Any CPU.ActiveCfg = Debug|Any CPU
		{6E460872-DB70-4DFB-B7D8-234ED240F30A}.Debug|Any CPU.Build.0 = Debug|Any CPU
		{6E460872-DB70-4DFB-B7D8-234ED240F30A}.Release|Any CPU.ActiveCfg = Release|Any CPU
		{6E460872-DB70-4DFB-B7D8-234ED240F30A}.Release|Any CPU.Build.0 = Release|Any CPU
		{C55B150D-1AE0-4CEE-89A6-8CF36E7CD2E7}.Debug|Any CPU.ActiveCfg = Debug|Any CPU
		{C55B150D-1AE0-4CEE-89A6-8CF36E7CD2E7}.Debug|Any CPU.Build.0 = Debug|Any CPU
		{C55B150D-1AE0-4CEE-89A6-8CF36E7CD2E7}.Release|Any CPU.ActiveCfg = Release|Any CPU
		{C55B150D-1AE0-4CEE-89A6-8CF36E7CD2E7}.Release|Any CPU.Build.0 = Release|Any CPU
	EndGlobalSection
	GlobalSection(NestedProjects) = preSolution
		{6E460872-DB70-4DFB-B7D8-234ED240F30A} = {22DB84AB-B996-4E25-B50B-CFF772C1AE2E}
		{C55B150D-1AE0-4CEE-89A6-8CF36E7CD2E7} = {06ED2252-19AF-4962-8825-541B4C874B7A}
	EndGlobalSection
EndGlobal
